
Microsoft Visual Studio Solution File, Format Version 12.00
# Visual Studio Version 16
VisualStudioVersion = 16.0.30907.101
MinimumVisualStudioVersion = 10.0.40219.1
Project("{FAE04EC0-301F-11D3-BF4B-00C04F79EFBC}") = "WebApplication", "WebApplication\WebApplication.csproj", "{1BA0BF14-A686-409E-8B5A-8E97F84592D6}"
EndProject
Project("{2150E333-8FDC-42A3-9474-1A3956D46DE8}") = "Engine", "Engine", "{F6ABDBA4-E4F3-41F0-A7B3-E071838F98E2}"
EndProject
Project("{2150E333-8FDC-42A3-9474-1A3956D46DE8}") = "Addins", "Addins", "{3F759FA7-D143-4842-AD81-6B7300AF5E2B}"
EndProject
Project("{2150E333-8FDC-42A3-9474-1A3956D46DE8}") = "Test", "Test", "{05E3D47E-CE47-4FC9-A1D5-5784E02AF365}"
EndProject
Project("{FAE04EC0-301F-11D3-BF4B-00C04F79EFBC}") = "SharedClassy", "Engine\SharedClassy\SharedClassy.csproj", "{121707BF-C880-4FFA-A4CC-993ABF0B01A0}"
EndProject
Global
	GlobalSection(SolutionConfigurationPlatforms) = preSolution
		Debug|Any CPU = Debug|Any CPU
		Release|Any CPU = Release|Any CPU
	EndGlobalSection
	GlobalSection(ProjectConfigurationPlatforms) = postSolution
		{1BA0BF14-A686-409E-8B5A-8E97F84592D6}.Debug|Any CPU.ActiveCfg = Debug|Any CPU
		{1BA0BF14-A686-409E-8B5A-8E97F84592D6}.Debug|Any CPU.Build.0 = Debug|Any CPU
		{1BA0BF14-A686-409E-8B5A-8E97F84592D6}.Release|Any CPU.ActiveCfg = Release|Any CPU
		{1BA0BF14-A686-409E-8B5A-8E97F84592D6}.Release|Any CPU.Build.0 = Release|Any CPU
		{121707BF-C880-4FFA-A4CC-993ABF0B01A0}.Debug|Any CPU.ActiveCfg = Debug|Any CPU
		{121707BF-C880-4FFA-A4CC-993ABF0B01A0}.Debug|Any CPU.Build.0 = Debug|Any CPU
		{121707BF-C880-4FFA-A4CC-993ABF0B01A0}.Release|Any CPU.ActiveCfg = Release|Any CPU
		{121707BF-C880-4FFA-A4CC-993ABF0B01A0}.Release|Any CPU.Build.0 = Release|Any CPU
	EndGlobalSection
	GlobalSection(SolutionProperties) = preSolution
		HideSolutionNode = FALSE
	EndGlobalSection
	GlobalSection(NestedProjects) = preSolution
		{121707BF-C880-4FFA-A4CC-993ABF0B01A0} = {F6ABDBA4-E4F3-41F0-A7B3-E071838F98E2}
	EndGlobalSection
	GlobalSection(ExtensibilityGlobals) = postSolution
		SolutionGuid = {7FAF7BF7-3D39-4C68-AA7E-608FA80F9A98}
	EndGlobalSection
EndGlobal
